// !$*UTF8*$!
{
	archiveVersion = 1;
	classes = {
	};
	objectVersion = 48;
	objects = {

/* Begin PBXBuildFile section */
		BF2F8B051F6415F100509EFA /* AppDelegate.swift in Sources */ = {isa = PBXBuildFile; fileRef = BF2F8B041F6415F100509EFA /* AppDelegate.swift */; };
		BF2F8B071F6415F100509EFA /* ViewController.swift in Sources */ = {isa = PBXBuildFile; fileRef = BF2F8B061F6415F100509EFA /* ViewController.swift */; };
		BF2F8B0A1F6415F100509EFA /* Main.storyboard in Resources */ = {isa = PBXBuildFile; fileRef = BF2F8B081F6415F100509EFA /* Main.storyboard */; };
		BF2F8B0C1F6415F100509EFA /* Assets.xcassets in Resources */ = {isa = PBXBuildFile; fileRef = BF2F8B0B1F6415F100509EFA /* Assets.xcassets */; };
		BF2F8B0F1F6415F100509EFA /* LaunchScreen.storyboard in Resources */ = {isa = PBXBuildFile; fileRef = BF2F8B0D1F6415F100509EFA /* LaunchScreen.storyboard */; };
/* End PBXBuildFile section */

/* Begin PBXFileReference section */
		BF2F8B011F6415F100509EFA /* 猜數字.app */ = {isa = PBXFileReference; explicitFileType = wrapper.application; includeInIndex = 0; path = "猜數字.app"; sourceTree = BUILT_PRODUCTS_DIR; };
		BF2F8B041F6415F100509EFA /* AppDelegate.swift */ = {isa = PBXFileReference; lastKnownFileType = sourcecode.swift; path = AppDelegate.swift; sourceTree = "<group>"; };
		BF2F8B061F6415F100509EFA /* ViewController.swift */ = {isa = PBXFileReference; lastKnownFileType = sourcecode.swift; path = ViewController.swift; sourceTree = "<group>"; };
		BF2F8B091F6415F100509EFA /* Base */ = {isa = PBXFileReference; lastKnownFileType = file.storyboard; name = Base; path = Base.lproj/Main.storyboard; sourceTree = "<group>"; };
		BF2F8B0B1F6415F100509EFA /* Assets.xcassets */ = {isa = PBXFileReference; lastKnownFileType = folder.assetcatalog; path = Assets.xcassets; sourceTree = "<group>"; };
		BF2F8B0E1F6415F100509EFA /* Base */ = {isa = PBXFileReference; lastKnownFileType = file.storyboard; name = Base; path = Base.lproj/LaunchScreen.storyboard; sourceTree = "<group>"; };
		BF2F8B101F6415F100509EFA /* Info.plist */ = {isa = PBXFileReference; lastKnownFileType = text.plist.xml; path = Info.plist; sourceTree = "<group>"; };
/* End PBXFileReference section */

/* Begin PBXFrameworksBuildPhase section */
		BF2F8AFE1F6415F100509EFA /* Frameworks */ = {
			isa = PBXFrameworksBuildPhase;
			buildActionMask = 2147483647;
			files = (
			);
			runOnlyForDeploymentPostprocessing = 0;
		};
/* End PBXFrameworksBuildPhase section */

/* Begin PBXGroup section */
		BF2F8AF81F6415F100509EFA = {
			isa = PBXGroup;
			children = (
				BF2F8B031F6415F100509EFA /* 猜數字 */,
				BF2F8B021F6415F100509EFA /* Products */,
			);
			sourceTree = "<group>";
		};
		BF2F8B021F6415F100509EFA /* Products */ = {
			isa = PBXGroup;
			children = (
				BF2F8B011F6415F100509EFA /* 猜數字.app */,
			);
			name = Products;
			sourceTree = "<group>";
		};
		BF2F8B031F6415F100509EFA /* 猜數字 */ = {
			isa = PBXGroup;
			children = (
				BF2F8B041F6415F100509EFA /* AppDelegate.swift */,
				BF2F8B061F6415F100509EFA /* ViewController.swift */,
				BF2F8B081F6415F100509EFA /* Main.storyboard */,
				BF2F8B0B1F6415F100509EFA /* Assets.xcassets */,
				BF2F8B0D1F6415F100509EFA /* LaunchScreen.storyboard */,
				BF2F8B101F6415F100509EFA /* Info.plist */,
			);
			path = "猜數字";
			sourceTree = "<group>";
		};
/* End PBXGroup section */

/* Begin PBXNativeTarget section */
		BF2F8B001F6415F100509EFA /* 猜數字 */ = {
			isa = PBXNativeTarget;
			buildConfigurationList = BF2F8B131F6415F100509EFA /* Build configuration list for PBXNativeTarget "猜數字" */;
			buildPhases = (
				BF2F8AFD1F6415F100509EFA /* Sources */,
				BF2F8AFE1F6415F100509EFA /* Frameworks */,
				BF2F8AFF1F6415F100509EFA /* Resources */,
			);
			buildRules = (
			);
			dependencies = (
			);
			name = "猜數字";
			productName = "猜數字";
			productReference = BF2F8B011F6415F100509EFA /* 猜數字.app */;
			productType = "com.apple.product-type.application";
		};
/* End PBXNativeTarget section */

/* Begin PBXProject section */
		BF2F8AF91F6415F100509EFA /* Project object */ = {
			isa = PBXProject;
			attributes = {
				LastSwiftUpdateCheck = 0900;
				LastUpgradeCheck = 0900;
				ORGANIZATIONNAME = Louis;
				TargetAttributes = {
					BF2F8B001F6415F100509EFA = {
						CreatedOnToolsVersion = 9.0;
					};
				};
			};
			buildConfigurationList = BF2F8AFC1F6415F100509EFA /* Build configuration list for PBXProject "猜數字" */;
			compatibilityVersion = "Xcode 8.0";
			developmentRegion = en;
			hasScannedForEncodings = 0;
			knownRegions = (
				en,
				Base,
			);
			mainGroup = BF2F8AF81F6415F100509EFA;
			productRefGroup = BF2F8B021F6415F100509EFA /* Products */;
			projectDirPath = "";
			projectRoot = "";
			targets = (
				BF2F8B001F6415F100509EFA /* 猜數字 */,
			);
		};
/* End PBXProject section */

/* Begin PBXResourcesBuildPhase section */
		BF2F8AFF1F6415F100509EFA /* Resources */ = {
			isa = PBXResourcesBuildPhase;
			buildActionMask = 2147483647;
			files = (
				BF2F8B0F1F6415F100509EFA /* LaunchScreen.storyboard in Resources */,
				BF2F8B0C1F6415F100509EFA /* Assets.xcassets in Resources */,
				BF2F8B0A1F6415F100509EFA /* Main.storyboard in Resources */,
			);
			runOnlyForDeploymentPostprocessing = 0;
		};
/* End PBXResourcesBuildPhase section */

/* Begin PBXSourcesBuildPhase section */
		BF2F8AFD1F6415F100509EFA /* Sources */ = {
			isa = PBXSourcesBuildPhase;
			buildActionMask = 2147483647;
			files = (
				BF2F8B071F6415F100509EFA /* ViewController.swift in Sources */,
				BF2F8B051F6415F100509EFA /* AppDelegate.swift in Sources */,
			);
			runOnlyForDeploymentPostprocessing = 0;
		};
/* End PBXSourcesBuildPhase section */

/* Begin PBXVariantGroup section */
		BF2F8B081F6415F100509EFA /* Main.storyboard */ = {
			isa = PBXVariantGroup;
			children = (
				BF2F8B091F6415F100509EFA /* Base */,
			);
			name = Main.storyboard;
			sourceTree = "<group>";
		};
		BF2F8B0D1F6415F100509EFA /* LaunchScreen.storyboard */ = {
			isa = PBXVariantGroup;
			children = (
				BF2F8B0E1F6415F100509EFA /* Base */,
			);
			name = LaunchScreen.storyboard;
			sourceTree = "<group>";
		};
/* End PBXVariantGroup section */

/* Begin XCBuildConfiguration section */
		BF2F8B111F6415F100509EFA /* Debug */ = {
			isa = XCBuildConfiguration;
			buildSettings = {
				ALWAYS_SEARCH_USER_PATHS = NO;
				CLANG_ANALYZER_NONNULL = YES;
				CLANG_ANALYZER_NUMBER_OBJECT_CONVERSION = YES_AGGRESSIVE;
				CLANG_CXX_LANGUAGE_STANDARD = "gnu++14";
				CLANG_CXX_LIBRARY = "libc++";
				CLANG_ENABLE_MODULES = YES;
				CLANG_ENABLE_OBJC_ARC = YES;
				CLANG_WARN_BLOCK_CAPTURE_AUTORELEASING = YES;
				CLANG_WARN_BOOL_CONVERSION = YES;
				CLANG_WARN_COMMA = YES;
				CLANG_WARN_CONSTANT_CONVERSION = YES;
				CLANG_WARN_DIRECT_OBJC_ISA_USAGE = YES_ERROR;
				CLANG_WARN_DOCUMENTATION_COMMENTS = YES;
				CLANG_WARN_EMPTY_BODY = YES;
				CLANG_WARN_ENUM_CONVERSION = YES;
				CLANG_WARN_INFINITE_RECURSION = YES;
				CLANG_WARN_INT_CONVERSION = YES;
				CLANG_WARN_OBJC_ROOT_CLASS = YES_ERROR;
				CLANG_WARN_RANGE_LOOP_ANALYSIS = YES;
				CLANG_WARN_STRICT_PROTOTYPES = YES;
				CLANG_WARN_SUSPICIOUS_MOVE = YES;
				CLANG_WARN_UNGUARDED_AVAILABILITY = YES_AGGRESSIVE;
				CLANG_WARN_UNREACHABLE_CODE = YES;
				CLANG_WARN__DUPLICATE_METHOD_MATCH = YES;
				CODE_SIGN_IDENTITY = "iPhone Developer";
				COPY_PHASE_STRIP = NO;
				DEBUG_INFORMATION_FORMAT = dwarf;
				ENABLE_STRICT_OBJC_MSGSEND = YES;
				ENABLE_TESTABILITY = YES;
				GCC_C_LANGUAGE_STANDARD = gnu11;
				GCC_DYNAMIC_NO_PIC = NO;
				GCC_NO_COMMON_BLOCKS = YES;
				GCC_OPTIMIZATION_LEVEL = 0;
				GCC_PREPROCESSOR_DEFINITIONS = (
					"DEBUG=1",
					"$(inherited)",
				);
				GCC_WARN_64_TO_32_BIT_CONVERSION = YES;
				GCC_WARN_ABOUT_RETURN_TYPE = YES_ERROR;
				GCC_WARN_UNDECLARED_SELECTOR = YES;
				GCC_WARN_UNINITIALIZED_AUTOS = YES_AGGRESSIVE;
				GCC_WARN_UNUSED_FUNCTION = YES;
				GCC_WARN_UNUSED_VARIABLE = YES;
				IPHONEOS_DEPLOYMENT_TARGET = 11.0;
				MTL_ENABLE_DEBUG_INFO = YES;
				ONLY_ACTIVE_ARCH = YES;
				SDKROOT = iphoneos;
				SWIFT_ACTIVE_COMPILATION_CONDITIONS = DEBUG;
				SWIFT_OPTIMIZATION_LEVEL = "-Onone";
			};
			name = Debug;
		};
		BF2F8B121F6415F100509EFA /* Release */ = {
			isa = XCBuildConfiguration;
			buildSettings = {
				ALWAYS_SEARCH_USER_PATHS = NO;
				CLANG_ANALYZER_NONNULL = YES;
				CLANG_ANALYZER_NUMBER_OBJECT_CONVERSION = YES_AGGRESSIVE;
				CLANG_CXX_LANGUAGE_STANDARD = "gnu++14";
				CLANG_CXX_LIBRARY = "libc++";
				CLANG_ENABLE_MODULES = YES;
				CLANG_ENABLE_OBJC_ARC = YES;
				CLANG_WARN_BLOCK_CAPTURE_AUTORELEASING = YES;
				CLANG_WARN_BOOL_CONVERSION = YES;
				CLANG_WARN_COMMA = YES;
				CLANG_WARN_CONSTANT_CONVERSION = YES;
				CLANG_WARN_DIRECT_OBJC_ISA_USAGE = YES_ERROR;
				CLANG_WARN_DOCUMENTATION_COMMENTS = YES;
				CLANG_WARN_EMPTY_BODY = YES;
				CLANG_WARN_ENUM_CONVERSION = YES;
				CLANG_WARN_INFINITE_RECURSION = YES;
				CLANG_WARN_INT_CONVERSION = YES;
				CLANG_WARN_OBJC_ROOT_CLASS = YES_ERROR;
				CLANG_WARN_RANGE_LOOP_ANALYSIS = YES;
				CLANG_WARN_STRICT_PROTOTYPES = YES;
				CLANG_WARN_SUSPICIOUS_MOVE = YES;
				CLANG_WARN_UNGUARDED_AVAILABILITY = YES_AGGRESSIVE;
				CLANG_WARN_UNREACHABLE_CODE = YES;
				CLANG_WARN__DUPLICATE_METHOD_MATCH = YES;
				CODE_SIGN_IDENTITY = "iPhone Developer";
				COPY_PHASE_STRIP = NO;
				DEBUG_INFORMATION_FORMAT = "dwarf-with-dsym";
				ENABLE_NS_ASSERTIONS = NO;
				ENABLE_STRICT_OBJC_MSGSEND = YES;
				GCC_C_LANGUAGE_STANDARD = gnu11;
				GCC_NO_COMMON_BLOCKS = YES;
				GCC_WARN_64_TO_32_BIT_CONVERSION = YES;
				GCC_WARN_ABOUT_RETURN_TYPE = YES_ERROR;
				GCC_WARN_UNDECLARED_SELECTOR = YES;
				GCC_WARN_UNINITIALIZED_AUTOS = YES_AGGRESSIVE;
				GCC_WARN_UNUSED_FUNCTION = YES;
				GCC_WARN_UNUSED_VARIABLE = YES;
				IPHONEOS_DEPLOYMENT_TARGET = 11.0;
				MTL_ENABLE_DEBUG_INFO = NO;
				SDKROOT = iphoneos;
				SWIFT_OPTIMIZATION_LEVEL = "-Owholemodule";
				VALIDATE_PRODUCT = YES;
			};
			name = Release;
		};
		BF2F8B141F6415F100509EFA /* Debug */ = {
			isa = XCBuildConfiguration;
			buildSettings = {
				ASSETCATALOG_COMPILER_APPICON_NAME = AppIcon;
				INFOPLIST_FILE = "猜數字/Info.plist";
				LD_RUNPATH_SEARCH_PATHS = "$(inherited) @executable_path/Frameworks";
				PRODUCT_BUNDLE_IDENTIFIER = "handsome.com.---";
				PRODUCT_NAME = "$(TARGET_NAME)";
				SWIFT_VERSION = 4.0;
				TARGETED_DEVICE_FAMILY = "1,2";
			};
			name = Debug;
		};
		BF2F8B151F6415F100509EFA /* Release */ = {
			isa = XCBuildConfiguration;
			buildSettings = {
				ASSETCATALOG_COMPILER_APPICON_NAME = AppIcon;
				INFOPLIST_FILE = "猜數字/Info.plist";
				LD_RUNPATH_SEARCH_PATHS = "$(inherited) @executable_path/Frameworks";
				PRODUCT_BUNDLE_IDENTIFIER = "handsome.com.---";
				PRODUCT_NAME = "$(TARGET_NAME)";
				SWIFT_VERSION = 4.0;
				TARGETED_DEVICE_FAMILY = "1,2";
			};
			name = Release;
		};
/* End XCBuildConfiguration section */

/* Begin XCConfigurationList section */
		BF2F8AFC1F6415F100509EFA /* Build configuration list for PBXProject "猜數字" */ = {
			isa = XCConfigurationList;
			buildConfigurations = (
				BF2F8B111F6415F100509EFA /* Debug */,
				BF2F8B121F6415F100509EFA /* Release */,
			);
			defaultConfigurationIsVisible = 0;
			defaultConfigurationName = Release;
		};
		BF2F8B131F6415F100509EFA /* Build configuration list for PBXNativeTarget "猜數字" */ = {
			isa = XCConfigurationList;
			buildConfigurations = (
				BF2F8B141F6415F100509EFA /* Debug */,
				BF2F8B151F6415F100509EFA /* Release */,
			);
			defaultConfigurationIsVisible = 0;
		};
/* End XCConfigurationList section */
	};
	rootObject = BF2F8AF91F6415F100509EFA /* Project object */;
}
